
Microsoft Visual Studio Solution File, Format Version 12.00
# Visual Studio Version 16
VisualStudioVersion = 16.0.29503.13
MinimumVisualStudioVersion = 10.0.40219.1
Project("{FAE04EC0-301F-11D3-BF4B-00C04F79EFBC}") = "Simple Dependency Resolver", "Simple Dependency Resolver.csproj", "{763FB5D8-35BF-4CD9-BA67-3627425ECDC4}"
EndProject
Global
	GlobalSection(SolutionConfigurationPlatforms) = preSolution
		Debug|Any CPU = Debug|Any CPU
		Release|Any CPU = Release|Any CPU
	EndGlobalSection
	GlobalSection(ProjectConfigurationPlatforms) = postSolution
		{763FB5D8-35BF-4CD9-BA67-3627425ECDC4}.Debug|Any CPU.ActiveCfg = Debug|Any CPU
		{763FB5D8-35BF-4CD9-BA67-3627425ECDC4}.Debug|Any CPU.Build.0 = Debug|Any CPU
		{763FB5D8-35BF-4CD9-BA67-3627425ECDC4}.Release|Any CPU.ActiveCfg = Release|Any CPU
		{763FB5D8-35BF-4CD9-BA67-3627425ECDC4}.Release|Any CPU.Build.0 = Release|Any CPU
	EndGlobalSection
	GlobalSection(SolutionProperties) = preSolution
		HideSolutionNode = FALSE
	EndGlobalSection
	GlobalSection(ExtensibilityGlobals) = postSolution
		SolutionGuid = {93C26247-5E2C-4410-B3F6-46990A43D7D6}
	EndGlobalSection
EndGlobal
